// !$*UTF8*$!
{
	archiveVersion = 1;
	classes = {
	};
	objectVersion = 55;
	objects = {

/* Begin PBXBuildFile section */
		20BF263B27B1436700DBB886 /* TessRemoteApp.swift in Sources */ = {isa = PBXBuildFile; fileRef = 20BF263A27B1436700DBB886 /* TessRemoteApp.swift */; };
		20BF263F27B1436900DBB886 /* Assets.xcassets in Resources */ = {isa = PBXBuildFile; fileRef = 20BF263E27B1436900DBB886 /* Assets.xcassets */; };
		20BF264227B1436900DBB886 /* Preview Assets.xcassets in Resources */ = {isa = PBXBuildFile; fileRef = 20BF264127B1436900DBB886 /* Preview Assets.xcassets */; };
		20BF264C27B1436900DBB886 /* TessRemoteTests.swift in Sources */ = {isa = PBXBuildFile; fileRef = 20BF264B27B1436900DBB886 /* TessRemoteTests.swift */; };
		20BF265627B1436900DBB886 /* TessRemoteUITests.swift in Sources */ = {isa = PBXBuildFile; fileRef = 20BF265527B1436900DBB886 /* TessRemoteUITests.swift */; };
		20BF265827B1436900DBB886 /* TessRemoteUITestsLaunchTests.swift in Sources */ = {isa = PBXBuildFile; fileRef = 20BF265727B1436900DBB886 /* TessRemoteUITestsLaunchTests.swift */; };
		20BF266927B143A400DBB886 /* DeviceView.swift in Sources */ = {isa = PBXBuildFile; fileRef = 20BF266427B143A400DBB886 /* DeviceView.swift */; };
		20BF266A27B143A400DBB886 /* MapView.swift in Sources */ = {isa = PBXBuildFile; fileRef = 20BF266527B143A400DBB886 /* MapView.swift */; };
		20BF266B27B143A400DBB886 /* MenuView.swift in Sources */ = {isa = PBXBuildFile; fileRef = 20BF266627B143A400DBB886 /* MenuView.swift */; };
		20BF266C27B143A400DBB886 /* AdvanceControlView.swift in Sources */ = {isa = PBXBuildFile; fileRef = 20BF266727B143A400DBB886 /* AdvanceControlView.swift */; };
		20BF266D27B143A400DBB886 /* SimpleControl.swift in Sources */ = {isa = PBXBuildFile; fileRef = 20BF266827B143A400DBB886 /* SimpleControl.swift */; };
/* End PBXBuildFile section */

/* Begin PBXContainerItemProxy section */
		20BF264827B1436900DBB886 /* PBXContainerItemProxy */ = {
			isa = PBXContainerItemProxy;
			containerPortal = 20BF262F27B1436700DBB886 /* Project object */;
			proxyType = 1;
			remoteGlobalIDString = 20BF263627B1436700DBB886;
			remoteInfo = TessRemote;
		};
		20BF265227B1436900DBB886 /* PBXContainerItemProxy */ = {
			isa = PBXContainerItemProxy;
			containerPortal = 20BF262F27B1436700DBB886 /* Project object */;
			proxyType = 1;
			remoteGlobalIDString = 20BF263627B1436700DBB886;
			remoteInfo = TessRemote;
		};
/* End PBXContainerItemProxy section */

/* Begin PBXFileReference section */
		20BF263727B1436700DBB886 /* TessRemote.app */ = {isa = PBXFileReference; explicitFileType = wrapper.application; includeInIndex = 0; path = TessRemote.app; sourceTree = BUILT_PRODUCTS_DIR; };
		20BF263A27B1436700DBB886 /* TessRemoteApp.swift */ = {isa = PBXFileReference; lastKnownFileType = sourcecode.swift; path = TessRemoteApp.swift; sourceTree = "<group>"; };
		20BF263E27B1436900DBB886 /* Assets.xcassets */ = {isa = PBXFileReference; lastKnownFileType = folder.assetcatalog; path = Assets.xcassets; sourceTree = "<group>"; };
		20BF264127B1436900DBB886 /* Preview Assets.xcassets */ = {isa = PBXFileReference; lastKnownFileType = folder.assetcatalog; path = "Preview Assets.xcassets"; sourceTree = "<group>"; };
		20BF264727B1436900DBB886 /* TessRemoteTests.xctest */ = {isa = PBXFileReference; explicitFileType = wrapper.cfbundle; includeInIndex = 0; path = TessRemoteTests.xctest; sourceTree = BUILT_PRODUCTS_DIR; };
		20BF264B27B1436900DBB886 /* TessRemoteTests.swift */ = {isa = PBXFileReference; lastKnownFileType = sourcecode.swift; path = TessRemoteTests.swift; sourceTree = "<group>"; };
		20BF265127B1436900DBB886 /* TessRemoteUITests.xctest */ = {isa = PBXFileReference; explicitFileType = wrapper.cfbundle; includeInIndex = 0; path = TessRemoteUITests.xctest; sourceTree = BUILT_PRODUCTS_DIR; };
		20BF265527B1436900DBB886 /* TessRemoteUITests.swift */ = {isa = PBXFileReference; lastKnownFileType = sourcecode.swift; path = TessRemoteUITests.swift; sourceTree = "<group>"; };
		20BF265727B1436900DBB886 /* TessRemoteUITestsLaunchTests.swift */ = {isa = PBXFileReference; lastKnownFileType = sourcecode.swift; path = TessRemoteUITestsLaunchTests.swift; sourceTree = "<group>"; };
		20BF266427B143A400DBB886 /* DeviceView.swift */ = {isa = PBXFileReference; fileEncoding = 4; lastKnownFileType = sourcecode.swift; path = DeviceView.swift; sourceTree = "<group>"; };
		20BF266527B143A400DBB886 /* MapView.swift */ = {isa = PBXFileReference; fileEncoding = 4; lastKnownFileType = sourcecode.swift; path = MapView.swift; sourceTree = "<group>"; };
		20BF266627B143A400DBB886 /* MenuView.swift */ = {isa = PBXFileReference; fileEncoding = 4; lastKnownFileType = sourcecode.swift; path = MenuView.swift; sourceTree = "<group>"; };
		20BF266727B143A400DBB886 /* AdvanceControlView.swift */ = {isa = PBXFileReference; fileEncoding = 4; lastKnownFileType = sourcecode.swift; path = AdvanceControlView.swift; sourceTree = "<group>"; };
		20BF266827B143A400DBB886 /* SimpleControl.swift */ = {isa = PBXFileReference; fileEncoding = 4; lastKnownFileType = sourcecode.swift; path = SimpleControl.swift; sourceTree = "<group>"; };
/* End PBXFileReference section */

/* Begin PBXFrameworksBuildPhase section */
		20BF263427B1436700DBB886 /* Frameworks */ = {
			isa = PBXFrameworksBuildPhase;
			buildActionMask = 2147483647;
			files = (
			);
			runOnlyForDeploymentPostprocessing = 0;
		};
		20BF264427B1436900DBB886 /* Frameworks */ = {
			isa = PBXFrameworksBuildPhase;
			buildActionMask = 2147483647;
			files = (
			);
			runOnlyForDeploymentPostprocessing = 0;
		};
		20BF264E27B1436900DBB886 /* Frameworks */ = {
			isa = PBXFrameworksBuildPhase;
			buildActionMask = 2147483647;
			files = (
			);
			runOnlyForDeploymentPostprocessing = 0;
		};
/* End PBXFrameworksBuildPhase section */

/* Begin PBXGroup section */
		20BF262E27B1436700DBB886 = {
			isa = PBXGroup;
			children = (
				20BF263927B1436700DBB886 /* TessRemote */,
				20BF264A27B1436900DBB886 /* TessRemoteTests */,
				20BF265427B1436900DBB886 /* TessRemoteUITests */,
				20BF263827B1436700DBB886 /* Products */,
			);
			sourceTree = "<group>";
		};
		20BF263827B1436700DBB886 /* Products */ = {
			isa = PBXGroup;
			children = (
				20BF263727B1436700DBB886 /* TessRemote.app */,
				20BF264727B1436900DBB886 /* TessRemoteTests.xctest */,
				20BF265127B1436900DBB886 /* TessRemoteUITests.xctest */,
			);
			name = Products;
			sourceTree = "<group>";
		};
		20BF263927B1436700DBB886 /* TessRemote */ = {
			isa = PBXGroup;
			children = (
				20BF266727B143A400DBB886 /* AdvanceControlView.swift */,
				20BF266427B143A400DBB886 /* DeviceView.swift */,
				20BF266527B143A400DBB886 /* MapView.swift */,
				20BF266627B143A400DBB886 /* MenuView.swift */,
				20BF266827B143A400DBB886 /* SimpleControl.swift */,
				20BF263A27B1436700DBB886 /* TessRemoteApp.swift */,
				20BF263E27B1436900DBB886 /* Assets.xcassets */,
				20BF264027B1436900DBB886 /* Preview Content */,
			);
			path = TessRemote;
			sourceTree = "<group>";
		};
		20BF264027B1436900DBB886 /* Preview Content */ = {
			isa = PBXGroup;
			children = (
				20BF264127B1436900DBB886 /* Preview Assets.xcassets */,
			);
			path = "Preview Content";
			sourceTree = "<group>";
		};
		20BF264A27B1436900DBB886 /* TessRemoteTests */ = {
			isa = PBXGroup;
			children = (
				20BF264B27B1436900DBB886 /* TessRemoteTests.swift */,
			);
			path = TessRemoteTests;
			sourceTree = "<group>";
		};
		20BF265427B1436900DBB886 /* TessRemoteUITests */ = {
			isa = PBXGroup;
			children = (
				20BF265527B1436900DBB886 /* TessRemoteUITests.swift */,
				20BF265727B1436900DBB886 /* TessRemoteUITestsLaunchTests.swift */,
			);
			path = TessRemoteUITests;
			sourceTree = "<group>";
		};
/* End PBXGroup section */

/* Begin PBXNativeTarget section */
		20BF263627B1436700DBB886 /* TessRemote */ = {
			isa = PBXNativeTarget;
			buildConfigurationList = 20BF265B27B1436900DBB886 /* Build configuration list for PBXNativeTarget "TessRemote" */;
			buildPhases = (
				20BF263327B1436700DBB886 /* Sources */,
				20BF263427B1436700DBB886 /* Frameworks */,
				20BF263527B1436700DBB886 /* Resources */,
			);
			buildRules = (
			);
			dependencies = (
			);
			name = TessRemote;
			productName = TessRemote;
			productReference = 20BF263727B1436700DBB886 /* TessRemote.app */;
			productType = "com.apple.product-type.application";
		};
		20BF264627B1436900DBB886 /* TessRemoteTests */ = {
			isa = PBXNativeTarget;
			buildConfigurationList = 20BF265E27B1436900DBB886 /* Build configuration list for PBXNativeTarget "TessRemoteTests" */;
			buildPhases = (
				20BF264327B1436900DBB886 /* Sources */,
				20BF264427B1436900DBB886 /* Frameworks */,
				20BF264527B1436900DBB886 /* Resources */,
			);
			buildRules = (
			);
			dependencies = (
				20BF264927B1436900DBB886 /* PBXTargetDependency */,
			);
			name = TessRemoteTests;
			productName = TessRemoteTests;
			productReference = 20BF264727B1436900DBB886 /* TessRemoteTests.xctest */;
			productType = "com.apple.product-type.bundle.unit-test";
		};
		20BF265027B1436900DBB886 /* TessRemoteUITests */ = {
			isa = PBXNativeTarget;
			buildConfigurationList = 20BF266127B1436900DBB886 /* Build configuration list for PBXNativeTarget "TessRemoteUITests" */;
			buildPhases = (
				20BF264D27B1436900DBB886 /* Sources */,
				20BF264E27B1436900DBB886 /* Frameworks */,
				20BF264F27B1436900DBB886 /* Resources */,
			);
			buildRules = (
			);
			dependencies = (
				20BF265327B1436900DBB886 /* PBXTargetDependency */,
			);
			name = TessRemoteUITests;
			productName = TessRemoteUITests;
			productReference = 20BF265127B1436900DBB886 /* TessRemoteUITests.xctest */;
			productType = "com.apple.product-type.bundle.ui-testing";
		};
/* End PBXNativeTarget section */

/* Begin PBXProject section */
		20BF262F27B1436700DBB886 /* Project object */ = {
			isa = PBXProject;
			attributes = {
				BuildIndependentTargetsInParallel = 1;
				LastSwiftUpdateCheck = 1320;
				LastUpgradeCheck = 1320;
				TargetAttributes = {
					20BF263627B1436700DBB886 = {
						CreatedOnToolsVersion = 13.2.1;
					};
					20BF264627B1436900DBB886 = {
						CreatedOnToolsVersion = 13.2.1;
						TestTargetID = 20BF263627B1436700DBB886;
					};
					20BF265027B1436900DBB886 = {
						CreatedOnToolsVersion = 13.2.1;
						TestTargetID = 20BF263627B1436700DBB886;
					};
				};
			};
			buildConfigurationList = 20BF263227B1436700DBB886 /* Build configuration list for PBXProject "TessRemote" */;
			compatibilityVersion = "Xcode 13.0";
			developmentRegion = en;
			hasScannedForEncodings = 0;
			knownRegions = (
				en,
				Base,
			);
			mainGroup = 20BF262E27B1436700DBB886;
			productRefGroup = 20BF263827B1436700DBB886 /* Products */;
			projectDirPath = "";
			projectRoot = "";
			targets = (
				20BF263627B1436700DBB886 /* TessRemote */,
				20BF264627B1436900DBB886 /* TessRemoteTests */,
				20BF265027B1436900DBB886 /* TessRemoteUITests */,
			);
		};
/* End PBXProject section */

/* Begin PBXResourcesBuildPhase section */
		20BF263527B1436700DBB886 /* Resources */ = {
			isa = PBXResourcesBuildPhase;
			buildActionMask = 2147483647;
			files = (
				20BF264227B1436900DBB886 /* Preview Assets.xcassets in Resources */,
				20BF263F27B1436900DBB886 /* Assets.xcassets in Resources */,
			);
			runOnlyForDeploymentPostprocessing = 0;
		};
		20BF264527B1436900DBB886 /* Resources */ = {
			isa = PBXResourcesBuildPhase;
			buildActionMask = 2147483647;
			files = (
			);
			runOnlyForDeploymentPostprocessing = 0;
		};
		20BF264F27B1436900DBB886 /* Resources */ = {
			isa = PBXResourcesBuildPhase;
			buildActionMask = 2147483647;
			files = (
			);
			runOnlyForDeploymentPostprocessing = 0;
		};
/* End PBXResourcesBuildPhase section */

/* Begin PBXSourcesBuildPhase section */
		20BF263327B1436700DBB886 /* Sources */ = {
			isa = PBXSourcesBuildPhase;
			buildActionMask = 2147483647;
			files = (
				20BF266B27B143A400DBB886 /* MenuView.swift in Sources */,
				20BF266C27B143A400DBB886 /* AdvanceControlView.swift in Sources */,
				20BF266D27B143A400DBB886 /* SimpleControl.swift in Sources */,
				20BF266A27B143A400DBB886 /* MapView.swift in Sources */,
				20BF263B27B1436700DBB886 /* TessRemoteApp.swift in Sources */,
				20BF266927B143A400DBB886 /* DeviceView.swift in Sources */,
			);
			runOnlyForDeploymentPostprocessing = 0;
		};
		20BF264327B1436900DBB886 /* Sources */ = {
			isa = PBXSourcesBuildPhase;
			buildActionMask = 2147483647;
			files = (
				20BF264C27B1436900DBB886 /* TessRemoteTests.swift in Sources */,
			);
			runOnlyForDeploymentPostprocessing = 0;
		};
		20BF264D27B1436900DBB886 /* Sources */ = {
			isa = PBXSourcesBuildPhase;
			buildActionMask = 2147483647;
			files = (
				20BF265627B1436900DBB886 /* TessRemoteUITests.swift in Sources */,
				20BF265827B1436900DBB886 /* TessRemoteUITestsLaunchTests.swift in Sources */,
			);
			runOnlyForDeploymentPostprocessing = 0;
		};
/* End PBXSourcesBuildPhase section */

/* Begin PBXTargetDependency section */
		20BF264927B1436900DBB886 /* PBXTargetDependency */ = {
			isa = PBXTargetDependency;
			target = 20BF263627B1436700DBB886 /* TessRemote */;
			targetProxy = 20BF264827B1436900DBB886 /* PBXContainerItemProxy */;
		};
		20BF265327B1436900DBB886 /* PBXTargetDependency */ = {
			isa = PBXTargetDependency;
			target = 20BF263627B1436700DBB886 /* TessRemote */;
			targetProxy = 20BF265227B1436900DBB886 /* PBXContainerItemProxy */;
		};
/* End PBXTargetDependency section */

/* Begin XCBuildConfiguration section */
		20BF265927B1436900DBB886 /* Debug */ = {
			isa = XCBuildConfiguration;
			buildSettings = {
				ALWAYS_SEARCH_USER_PATHS = NO;
				CLANG_ANALYZER_NONNULL = YES;
				CLANG_ANALYZER_NUMBER_OBJECT_CONVERSION = YES_AGGRESSIVE;
				CLANG_CXX_LANGUAGE_STANDARD = "gnu++17";
				CLANG_CXX_LIBRARY = "libc++";
				CLANG_ENABLE_MODULES = YES;
				CLANG_ENABLE_OBJC_ARC = YES;
				CLANG_ENABLE_OBJC_WEAK = YES;
				CLANG_WARN_BLOCK_CAPTURE_AUTORELEASING = YES;
				CLANG_WARN_BOOL_CONVERSION = YES;
				CLANG_WARN_COMMA = YES;
				CLANG_WARN_CONSTANT_CONVERSION = YES;
				CLANG_WARN_DEPRECATED_OBJC_IMPLEMENTATIONS = YES;
				CLANG_WARN_DIRECT_OBJC_ISA_USAGE = YES_ERROR;
				CLANG_WARN_DOCUMENTATION_COMMENTS = YES;
				CLANG_WARN_EMPTY_BODY = YES;
				CLANG_WARN_ENUM_CONVERSION = YES;
				CLANG_WARN_INFINITE_RECURSION = YES;
				CLANG_WARN_INT_CONVERSION = YES;
				CLANG_WARN_NON_LITERAL_NULL_CONVERSION = YES;
				CLANG_WARN_OBJC_IMPLICIT_RETAIN_SELF = YES;
				CLANG_WARN_OBJC_LITERAL_CONVERSION = YES;
				CLANG_WARN_OBJC_ROOT_CLASS = YES_ERROR;
				CLANG_WARN_QUOTED_INCLUDE_IN_FRAMEWORK_HEADER = YES;
				CLANG_WARN_RANGE_LOOP_ANALYSIS = YES;
				CLANG_WARN_STRICT_PROTOTYPES = YES;
				CLANG_WARN_SUSPICIOUS_MOVE = YES;
				CLANG_WARN_UNGUARDED_AVAILABILITY = YES_AGGRESSIVE;
				CLANG_WARN_UNREACHABLE_CODE = YES;
				CLANG_WARN__DUPLICATE_METHOD_MATCH = YES;
				COPY_PHASE_STRIP = NO;
				DEBUG_INFORMATION_FORMAT = dwarf;
				ENABLE_STRICT_OBJC_MSGSEND = YES;
				ENABLE_TESTABILITY = YES;
				GCC_C_LANGUAGE_STANDARD = gnu11;
				GCC_DYNAMIC_NO_PIC = NO;
				GCC_NO_COMMON_BLOCKS = YES;
				GCC_OPTIMIZATION_LEVEL = 0;
				GCC_PREPROCESSOR_DEFINITIONS = (
					"DEBUG=1",
					"$(inherited)",
				);
				GCC_WARN_64_TO_32_BIT_CONVERSION = YES;
				GCC_WARN_ABOUT_RETURN_TYPE = YES_ERROR;
				GCC_WARN_UNDECLARED_SELECTOR = YES;
				GCC_WARN_UNINITIALIZED_AUTOS = YES_AGGRESSIVE;
				GCC_WARN_UNUSED_FUNCTION = YES;
				GCC_WARN_UNUSED_VARIABLE = YES;
				IPHONEOS_DEPLOYMENT_TARGET = 15.2;
				MTL_ENABLE_DEBUG_INFO = INCLUDE_SOURCE;
				MTL_FAST_MATH = YES;
				ONLY_ACTIVE_ARCH = YES;
				SDKROOT = iphoneos;
				SWIFT_ACTIVE_COMPILATION_CONDITIONS = DEBUG;
				SWIFT_OPTIMIZATION_LEVEL = "-Onone";
			};
			name = Debug;
		};
		20BF265A27B1436900DBB886 /* Release */ = {
			isa = XCBuildConfiguration;
			buildSettings = {
				ALWAYS_SEARCH_USER_PATHS = NO;
				CLANG_ANALYZER_NONNULL = YES;
				CLANG_ANALYZER_NUMBER_OBJECT_CONVERSION = YES_AGGRESSIVE;
				CLANG_CXX_LANGUAGE_STANDARD = "gnu++17";
				CLANG_CXX_LIBRARY = "libc++";
				CLANG_ENABLE_MODULES = YES;
				CLANG_ENABLE_OBJC_ARC = YES;
				CLANG_ENABLE_OBJC_WEAK = YES;
				CLANG_WARN_BLOCK_CAPTURE_AUTORELEASING = YES;
				CLANG_WARN_BOOL_CONVERSION = YES;
				CLANG_WARN_COMMA = YES;
				CLANG_WARN_CONSTANT_CONVERSION = YES;
				CLANG_WARN_DEPRECATED_OBJC_IMPLEMENTATIONS = YES;
				CLANG_WARN_DIRECT_OBJC_ISA_USAGE = YES_ERROR;
				CLANG_WARN_DOCUMENTATION_COMMENTS = YES;
				CLANG_WARN_EMPTY_BODY = YES;
				CLANG_WARN_ENUM_CONVERSION = YES;
				CLANG_WARN_INFINITE_RECURSION = YES;
				CLANG_WARN_INT_CONVERSION = YES;
				CLANG_WARN_NON_LITERAL_NULL_CONVERSION = YES;
				CLANG_WARN_OBJC_IMPLICIT_RETAIN_SELF = YES;
				CLANG_WARN_OBJC_LITERAL_CONVERSION = YES;
				CLANG_WARN_OBJC_ROOT_CLASS = YES_ERROR;
				CLANG_WARN_QUOTED_INCLUDE_IN_FRAMEWORK_HEADER = YES;
				CLANG_WARN_RANGE_LOOP_ANALYSIS = YES;
				CLANG_WARN_STRICT_PROTOTYPES = YES;
				CLANG_WARN_SUSPICIOUS_MOVE = YES;
				CLANG_WARN_UNGUARDED_AVAILABILITY = YES_AGGRESSIVE;
				CLANG_WARN_UNREACHABLE_CODE = YES;
				CLANG_WARN__DUPLICATE_METHOD_MATCH = YES;
				COPY_PHASE_STRIP = NO;
				DEBUG_INFORMATION_FORMAT = "dwarf-with-dsym";
				ENABLE_NS_ASSERTIONS = NO;
				ENABLE_STRICT_OBJC_MSGSEND = YES;
				GCC_C_LANGUAGE_STANDARD = gnu11;
				GCC_NO_COMMON_BLOCKS = YES;
				GCC_WARN_64_TO_32_BIT_CONVERSION = YES;
				GCC_WARN_ABOUT_RETURN_TYPE = YES_ERROR;
				GCC_WARN_UNDECLARED_SELECTOR = YES;
				GCC_WARN_UNINITIALIZED_AUTOS = YES_AGGRESSIVE;
				GCC_WARN_UNUSED_FUNCTION = YES;
				GCC_WARN_UNUSED_VARIABLE = YES;
				IPHONEOS_DEPLOYMENT_TARGET = 15.2;
				MTL_ENABLE_DEBUG_INFO = NO;
				MTL_FAST_MATH = YES;
				SDKROOT = iphoneos;
				SWIFT_COMPILATION_MODE = wholemodule;
				SWIFT_OPTIMIZATION_LEVEL = "-O";
				VALIDATE_PRODUCT = YES;
			};
			name = Release;
		};
		20BF265C27B1436900DBB886 /* Debug */ = {
			isa = XCBuildConfiguration;
			buildSettings = {
				ASSETCATALOG_COMPILER_APPICON_NAME = AppIcon;
				ASSETCATALOG_COMPILER_GLOBAL_ACCENT_COLOR_NAME = AccentColor;
				CODE_SIGN_STYLE = Automatic;
				CURRENT_PROJECT_VERSION = 1;
				DEVELOPMENT_ASSET_PATHS = "\"TessRemote/Preview Content\"";
				DEVELOPMENT_TEAM = GCF88GRA99;
				ENABLE_PREVIEWS = YES;
				GENERATE_INFOPLIST_FILE = YES;
				INFOPLIST_KEY_UIApplicationSceneManifest_Generation = YES;
				INFOPLIST_KEY_UIApplicationSupportsIndirectInputEvents = YES;
				INFOPLIST_KEY_UILaunchScreen_Generation = YES;
				INFOPLIST_KEY_UISupportedInterfaceOrientations_iPad = "UIInterfaceOrientationPortrait UIInterfaceOrientationPortraitUpsideDown UIInterfaceOrientationLandscapeLeft UIInterfaceOrientationLandscapeRight";
				INFOPLIST_KEY_UISupportedInterfaceOrientations_iPhone = "UIInterfaceOrientationPortrait UIInterfaceOrientationLandscapeLeft UIInterfaceOrientationLandscapeRight";
				LD_RUNPATH_SEARCH_PATHS = (
					"$(inherited)",
					"@executable_path/Frameworks",
				);
				MARKETING_VERSION = 1.0;
				PRODUCT_BUNDLE_IDENTIFIER = com.axinteandrei.TessRemote;
				PRODUCT_NAME = "$(TARGET_NAME)";
				SWIFT_EMIT_LOC_STRINGS = YES;
				SWIFT_VERSION = 5.0;
				TARGETED_DEVICE_FAMILY = "1,2";
			};
			name = Debug;
		};
		20BF265D27B1436900DBB886 /* Release */ = {
			isa = XCBuildConfiguration;
			buildSettings = {
				ASSETCATALOG_COMPILER_APPICON_NAME = AppIcon;
				ASSETCATALOG_COMPILER_GLOBAL_ACCENT_COLOR_NAME = AccentColor;
				CODE_SIGN_STYLE = Automatic;
				CURRENT_PROJECT_VERSION = 1;
				DEVELOPMENT_ASSET_PATHS = "\"TessRemote/Preview Content\"";
				DEVELOPMENT_TEAM = GCF88GRA99;
				ENABLE_PREVIEWS = YES;
				GENERATE_INFOPLIST_FILE = YES;
				INFOPLIST_KEY_UIApplicationSceneManifest_Generation = YES;
				INFOPLIST_KEY_UIApplicationSupportsIndirectInputEvents = YES;
				INFOPLIST_KEY_UILaunchScreen_Generation = YES;
				INFOPLIST_KEY_UISupportedInterfaceOrientations_iPad = "UIInterfaceOrientationPortrait UIInterfaceOrientationPortraitUpsideDown UIInterfaceOrientationLandscapeLeft UIInterfaceOrientationLandscapeRight";
				INFOPLIST_KEY_UISupportedInterfaceOrientations_iPhone = "UIInterfaceOrientationPortrait UIInterfaceOrientationLandscapeLeft UIInterfaceOrientationLandscapeRight";
				LD_RUNPATH_SEARCH_PATHS = (
					"$(inherited)",
					"@executable_path/Frameworks",
				);
				MARKETING_VERSION = 1.0;
				PRODUCT_BUNDLE_IDENTIFIER = com.axinteandrei.TessRemote;
				PRODUCT_NAME = "$(TARGET_NAME)";
				SWIFT_EMIT_LOC_STRINGS = YES;
				SWIFT_VERSION = 5.0;
				TARGETED_DEVICE_FAMILY = "1,2";
			};
			name = Release;
		};
		20BF265F27B1436900DBB886 /* Debug */ = {
			isa = XCBuildConfiguration;
			buildSettings = {
				ALWAYS_EMBED_SWIFT_STANDARD_LIBRARIES = YES;
				BUNDLE_LOADER = "$(TEST_HOST)";
				CODE_SIGN_STYLE = Automatic;
				CURRENT_PROJECT_VERSION = 1;
				DEVELOPMENT_TEAM = GCF88GRA99;
				GENERATE_INFOPLIST_FILE = YES;
				IPHONEOS_DEPLOYMENT_TARGET = 15.2;
				MARKETING_VERSION = 1.0;
				PRODUCT_BUNDLE_IDENTIFIER = com.axinteandrei.TessRemoteTests;
				PRODUCT_NAME = "$(TARGET_NAME)";
				SWIFT_EMIT_LOC_STRINGS = NO;
				SWIFT_VERSION = 5.0;
				TARGETED_DEVICE_FAMILY = "1,2";
				TEST_HOST = "$(BUILT_PRODUCTS_DIR)/TessRemote.app/TessRemote";
			};
			name = Debug;
		};
		20BF266027B1436900DBB886 /* Release */ = {
			isa = XCBuildConfiguration;
			buildSettings = {
				ALWAYS_EMBED_SWIFT_STANDARD_LIBRARIES = YES;
				BUNDLE_LOADER = "$(TEST_HOST)";
				CODE_SIGN_STYLE = Automatic;
				CURRENT_PROJECT_VERSION = 1;
				DEVELOPMENT_TEAM = GCF88GRA99;
				GENERATE_INFOPLIST_FILE = YES;
				IPHONEOS_DEPLOYMENT_TARGET = 15.2;
				MARKETING_VERSION = 1.0;
				PRODUCT_BUNDLE_IDENTIFIER = com.axinteandrei.TessRemoteTests;
				PRODUCT_NAME = "$(TARGET_NAME)";
				SWIFT_EMIT_LOC_STRINGS = NO;
				SWIFT_VERSION = 5.0;
				TARGETED_DEVICE_FAMILY = "1,2";
				TEST_HOST = "$(BUILT_PRODUCTS_DIR)/TessRemote.app/TessRemote";
			};
			name = Release;
		};
		20BF266227B1436900DBB886 /* Debug */ = {
			isa = XCBuildConfiguration;
			buildSettings = {
				ALWAYS_EMBED_SWIFT_STANDARD_LIBRARIES = YES;
				CODE_SIGN_STYLE = Automatic;
				CURRENT_PROJECT_VERSION = 1;
				DEVELOPMENT_TEAM = GCF88GRA99;
				GENERATE_INFOPLIST_FILE = YES;
				MARKETING_VERSION = 1.0;
				PRODUCT_BUNDLE_IDENTIFIER = com.axinteandrei.TessRemoteUITests;
				PRODUCT_NAME = "$(TARGET_NAME)";
				SWIFT_EMIT_LOC_STRINGS = NO;
				SWIFT_VERSION = 5.0;
				TARGETED_DEVICE_FAMILY = "1,2";
				TEST_TARGET_NAME = TessRemote;
			};
			name = Debug;
		};
		20BF266327B1436900DBB886 /* Release */ = {
			isa = XCBuildConfiguration;
			buildSettings = {
				ALWAYS_EMBED_SWIFT_STANDARD_LIBRARIES = YES;
				CODE_SIGN_STYLE = Automatic;
				CURRENT_PROJECT_VERSION = 1;
				DEVELOPMENT_TEAM = GCF88GRA99;
				GENERATE_INFOPLIST_FILE = YES;
				MARKETING_VERSION = 1.0;
				PRODUCT_BUNDLE_IDENTIFIER = com.axinteandrei.TessRemoteUITests;
				PRODUCT_NAME = "$(TARGET_NAME)";
				SWIFT_EMIT_LOC_STRINGS = NO;
				SWIFT_VERSION = 5.0;
				TARGETED_DEVICE_FAMILY = "1,2";
				TEST_TARGET_NAME = TessRemote;
			};
			name = Release;
		};
/* End XCBuildConfiguration section */

/* Begin XCConfigurationList section */
		20BF263227B1436700DBB886 /* Build configuration list for PBXProject "TessRemote" */ = {
			isa = XCConfigurationList;
			buildConfigurations = (
				20BF265927B1436900DBB886 /* Debug */,
				20BF265A27B1436900DBB886 /* Release */,
			);
			defaultConfigurationIsVisible = 0;
			defaultConfigurationName = Release;
		};
		20BF265B27B1436900DBB886 /* Build configuration list for PBXNativeTarget "TessRemote" */ = {
			isa = XCConfigurationList;
			buildConfigurations = (
				20BF265C27B1436900DBB886 /* Debug */,
				20BF265D27B1436900DBB886 /* Release */,
			);
			defaultConfigurationIsVisible = 0;
			defaultConfigurationName = Release;
		};
		20BF265E27B1436900DBB886 /* Build configuration list for PBXNativeTarget "TessRemoteTests" */ = {
			isa = XCConfigurationList;
			buildConfigurations = (
				20BF265F27B1436900DBB886 /* Debug */,
				20BF266027B1436900DBB886 /* Release */,
			);
			defaultConfigurationIsVisible = 0;
			defaultConfigurationName = Release;
		};
		20BF266127B1436900DBB886 /* Build configuration list for PBXNativeTarget "TessRemoteUITests" */ = {
			isa = XCConfigurationList;
			buildConfigurations = (
				20BF266227B1436900DBB886 /* Debug */,
				20BF266327B1436900DBB886 /* Release */,
			);
			defaultConfigurationIsVisible = 0;
			defaultConfigurationName = Release;
		};
/* End XCConfigurationList section */
	};
	rootObject = 20BF262F27B1436700DBB886 /* Project object */;
}
